
Microsoft Visual Studio Solution File, Format Version 12.00
# Visual Studio Version 17
VisualStudioVersion = 17.1.32210.238
MinimumVisualStudioVersion = 10.0.40219.1
Project("{9A19103F-16F7-4668-BE54-9A1E7A4F7556}") = "WebDevProject", "WebDevProject\WebDevProject.csproj", "{6D59FC49-57EA-49A6-ACFB-63C31956F575}"
EndProject
Global
	GlobalSection(SolutionConfigurationPlatforms) = preSolution
		Debug|Any CPU = Debug|Any CPU
		Release|Any CPU = Release|Any CPU
	EndGlobalSection
	GlobalSection(ProjectConfigurationPlatforms) = postSolution
		{6D59FC49-57EA-49A6-ACFB-63C31956F575}.Debug|Any CPU.ActiveCfg = Debug|Any CPU
		{6D59FC49-57EA-49A6-ACFB-63C31956F575}.Debug|Any CPU.Build.0 = Debug|Any CPU
		{6D59FC49-57EA-49A6-ACFB-63C31956F575}.Release|Any CPU.ActiveCfg = Release|Any CPU
		{6D59FC49-57EA-49A6-ACFB-63C31956F575}.Release|Any CPU.Build.0 = Release|Any CPU
	EndGlobalSection
	GlobalSection(SolutionProperties) = preSolution
		HideSolutionNode = FALSE
	EndGlobalSection
	GlobalSection(ExtensibilityGlobals) = postSolution
		SolutionGuid = {5264A5A5-E4B6-4370-8ACE-1DA08D8A4346}
	EndGlobalSection
EndGlobal
